// !$*UTF8*$!
{
	archiveVersion = 1;
	classes = {
	};
	objectVersion = 46;
	objects = {

/* Begin PBXBuildFile section */
		490529811C36906F0068F540 /* AppDelegate.swift in Sources */ = {isa = PBXBuildFile; fileRef = 490529801C36906F0068F540 /* AppDelegate.swift */; };
		490529881C36906F0068F540 /* Assets.xcassets in Resources */ = {isa = PBXBuildFile; fileRef = 490529871C36906F0068F540 /* Assets.xcassets */; };
		490529931C36906F0068F540 /* tvOSSampleTests.swift in Sources */ = {isa = PBXBuildFile; fileRef = 490529921C36906F0068F540 /* tvOSSampleTests.swift */; };
		4905299E1C36906F0068F540 /* tvOSSampleUITests.swift in Sources */ = {isa = PBXBuildFile; fileRef = 4905299D1C36906F0068F540 /* tvOSSampleUITests.swift */; };
/* End PBXBuildFile section */

/* Begin PBXContainerItemProxy section */
		4905298F1C36906F0068F540 /* PBXContainerItemProxy */ = {
			isa = PBXContainerItemProxy;
			containerPortal = 490529751C36906F0068F540 /* Project object */;
			proxyType = 1;
			remoteGlobalIDString = 4905297C1C36906F0068F540;
			remoteInfo = tvOSSample;
		};
		4905299A1C36906F0068F540 /* PBXContainerItemProxy */ = {
			isa = PBXContainerItemProxy;
			containerPortal = 490529751C36906F0068F540 /* Project object */;
			proxyType = 1;
			remoteGlobalIDString = 4905297C1C36906F0068F540;
			remoteInfo = tvOSSample;
		};
/* End PBXContainerItemProxy section */

/* Begin PBXFileReference section */
		4905297D1C36906F0068F540 /* tvOSSample.app */ = {isa = PBXFileReference; explicitFileType = wrapper.application; includeInIndex = 0; path = tvOSSample.app; sourceTree = BUILT_PRODUCTS_DIR; };
		490529801C36906F0068F540 /* AppDelegate.swift */ = {isa = PBXFileReference; lastKnownFileType = sourcecode.swift; path = AppDelegate.swift; sourceTree = "<group>"; };
		490529871C36906F0068F540 /* Assets.xcassets */ = {isa = PBXFileReference; lastKnownFileType = folder.assetcatalog; path = Assets.xcassets; sourceTree = "<group>"; };
		490529891C36906F0068F540 /* Info.plist */ = {isa = PBXFileReference; lastKnownFileType = text.plist.xml; path = Info.plist; sourceTree = "<group>"; };
		4905298E1C36906F0068F540 /* tvOSSampleTests.xctest */ = {isa = PBXFileReference; explicitFileType = wrapper.cfbundle; includeInIndex = 0; path = tvOSSampleTests.xctest; sourceTree = BUILT_PRODUCTS_DIR; };
		490529921C36906F0068F540 /* tvOSSampleTests.swift */ = {isa = PBXFileReference; lastKnownFileType = sourcecode.swift; path = tvOSSampleTests.swift; sourceTree = "<group>"; };
		490529941C36906F0068F540 /* Info.plist */ = {isa = PBXFileReference; lastKnownFileType = text.plist.xml; path = Info.plist; sourceTree = "<group>"; };
		490529991C36906F0068F540 /* tvOSSampleUITests.xctest */ = {isa = PBXFileReference; explicitFileType = wrapper.cfbundle; includeInIndex = 0; path = tvOSSampleUITests.xctest; sourceTree = BUILT_PRODUCTS_DIR; };
		4905299D1C36906F0068F540 /* tvOSSampleUITests.swift */ = {isa = PBXFileReference; lastKnownFileType = sourcecode.swift; path = tvOSSampleUITests.swift; sourceTree = "<group>"; };
		4905299F1C36906F0068F540 /* Info.plist */ = {isa = PBXFileReference; lastKnownFileType = text.plist.xml; path = Info.plist; sourceTree = "<group>"; };
/* End PBXFileReference section */

/* Begin PBXFrameworksBuildPhase section */
		4905297A1C36906F0068F540 /* Frameworks */ = {
			isa = PBXFrameworksBuildPhase;
			buildActionMask = 2147483647;
			files = (
			);
			runOnlyForDeploymentPostprocessing = 0;
		};
		4905298B1C36906F0068F540 /* Frameworks */ = {
			isa = PBXFrameworksBuildPhase;
			buildActionMask = 2147483647;
			files = (
			);
			runOnlyForDeploymentPostprocessing = 0;
		};
		490529961C36906F0068F540 /* Frameworks */ = {
			isa = PBXFrameworksBuildPhase;
			buildActionMask = 2147483647;
			files = (
			);
			runOnlyForDeploymentPostprocessing = 0;
		};
/* End PBXFrameworksBuildPhase section */

/* Begin PBXGroup section */
		490529741C36906F0068F540 = {
			isa = PBXGroup;
			children = (
				4905297F1C36906F0068F540 /* tvOSSample */,
				490529911C36906F0068F540 /* tvOSSampleTests */,
				4905299C1C36906F0068F540 /* tvOSSampleUITests */,
				4905297E1C36906F0068F540 /* Products */,
			);
			sourceTree = "<group>";
		};
		4905297E1C36906F0068F540 /* Products */ = {
			isa = PBXGroup;
			children = (
				4905297D1C36906F0068F540 /* tvOSSample.app */,
				4905298E1C36906F0068F540 /* tvOSSampleTests.xctest */,
				490529991C36906F0068F540 /* tvOSSampleUITests.xctest */,
			);
			name = Products;
			sourceTree = "<group>";
		};
		4905297F1C36906F0068F540 /* tvOSSample */ = {
			isa = PBXGroup;
			children = (
				490529801C36906F0068F540 /* AppDelegate.swift */,
				490529871C36906F0068F540 /* Assets.xcassets */,
				490529891C36906F0068F540 /* Info.plist */,
			);
			path = tvOSSample;
			sourceTree = "<group>";
		};
		490529911C36906F0068F540 /* tvOSSampleTests */ = {
			isa = PBXGroup;
			children = (
				490529921C36906F0068F540 /* tvOSSampleTests.swift */,
				490529941C36906F0068F540 /* Info.plist */,
			);
			path = tvOSSampleTests;
			sourceTree = "<group>";
		};
		4905299C1C36906F0068F540 /* tvOSSampleUITests */ = {
			isa = PBXGroup;
			children = (
				4905299D1C36906F0068F540 /* tvOSSampleUITests.swift */,
				4905299F1C36906F0068F540 /* Info.plist */,
			);
			path = tvOSSampleUITests;
			sourceTree = "<group>";
		};
/* End PBXGroup section */

/* Begin PBXNativeTarget section */
		4905297C1C36906F0068F540 /* tvOSSample */ = {
			isa = PBXNativeTarget;
			buildConfigurationList = 490529A21C36906F0068F540 /* Build configuration list for PBXNativeTarget "tvOSSample" */;
			buildPhases = (
				490529791C36906F0068F540 /* Sources */,
				4905297A1C36906F0068F540 /* Frameworks */,
				4905297B1C36906F0068F540 /* Resources */,
			);
			buildRules = (
			);
			dependencies = (
			);
			name = tvOSSample;
			productName = tvOSSample;
			productReference = 4905297D1C36906F0068F540 /* tvOSSample.app */;
			productType = "com.apple.product-type.application";
		};
		4905298D1C36906F0068F540 /* tvOSSampleTests */ = {
			isa = PBXNativeTarget;
			buildConfigurationList = 490529A51C36906F0068F540 /* Build configuration list for PBXNativeTarget "tvOSSampleTests" */;
			buildPhases = (
				4905298A1C36906F0068F540 /* Sources */,
				4905298B1C36906F0068F540 /* Frameworks */,
				4905298C1C36906F0068F540 /* Resources */,
			);
			buildRules = (
			);
			dependencies = (
				490529901C36906F0068F540 /* PBXTargetDependency */,
			);
			name = tvOSSampleTests;
			productName = tvOSSampleTests;
			productReference = 4905298E1C36906F0068F540 /* tvOSSampleTests.xctest */;
			productType = "com.apple.product-type.bundle.unit-test";
		};
		490529981C36906F0068F540 /* tvOSSampleUITests */ = {
			isa = PBXNativeTarget;
			buildConfigurationList = 490529A81C36906F0068F540 /* Build configuration list for PBXNativeTarget "tvOSSampleUITests" */;
			buildPhases = (
				490529951C36906F0068F540 /* Sources */,
				490529961C36906F0068F540 /* Frameworks */,
				490529971C36906F0068F540 /* Resources */,
			);
			buildRules = (
			);
			dependencies = (
				4905299B1C36906F0068F540 /* PBXTargetDependency */,
			);
			name = tvOSSampleUITests;
			productName = tvOSSampleUITests;
			productReference = 490529991C36906F0068F540 /* tvOSSampleUITests.xctest */;
			productType = "com.apple.product-type.bundle.ui-testing";
		};
/* End PBXNativeTarget section */

/* Begin PBXProject section */
		490529751C36906F0068F540 /* Project object */ = {
			isa = PBXProject;
			attributes = {
				LastSwiftUpdateCheck = 0720;
				LastUpgradeCheck = 0720;
				ORGANIZATIONNAME = "Fabrizio Guglielmino";
				TargetAttributes = {
					4905297C1C36906F0068F540 = {
						CreatedOnToolsVersion = 7.2;
						DevelopmentTeam = BZ4JZEU4MY;
					};
					4905298D1C36906F0068F540 = {
						CreatedOnToolsVersion = 7.2;
						TestTargetID = 4905297C1C36906F0068F540;
					};
					490529981C36906F0068F540 = {
						CreatedOnToolsVersion = 7.2;
						TestTargetID = 4905297C1C36906F0068F540;
					};
				};
			};
			buildConfigurationList = 490529781C36906F0068F540 /* Build configuration list for PBXProject "tvOSSample" */;
			compatibilityVersion = "Xcode 3.2";
			developmentRegion = English;
			hasScannedForEncodings = 0;
			knownRegions = (
				en,
				Base,
			);
			mainGroup = 490529741C36906F0068F540;
			productRefGroup = 4905297E1C36906F0068F540 /* Products */;
			projectDirPath = "";
			projectRoot = "";
			targets = (
				4905297C1C36906F0068F540 /* tvOSSample */,
				4905298D1C36906F0068F540 /* tvOSSampleTests */,
				490529981C36906F0068F540 /* tvOSSampleUITests */,
			);
		};
/* End PBXProject section */

/* Begin PBXResourcesBuildPhase section */
		4905297B1C36906F0068F540 /* Resources */ = {
			isa = PBXResourcesBuildPhase;
			buildActionMask = 2147483647;
			files = (
				490529881C36906F0068F540 /* Assets.xcassets in Resources */,
			);
			runOnlyForDeploymentPostprocessing = 0;
		};
		4905298C1C36906F0068F540 /* Resources */ = {
			isa = PBXResourcesBuildPhase;
			buildActionMask = 2147483647;
			files = (
			);
			runOnlyForDeploymentPostprocessing = 0;
		};
		490529971C36906F0068F540 /* Resources */ = {
			isa = PBXResourcesBuildPhase;
			buildActionMask = 2147483647;
			files = (
			);
			runOnlyForDeploymentPostprocessing = 0;
		};
/* End PBXResourcesBuildPhase section */

/* Begin PBXSourcesBuildPhase section */
		490529791C36906F0068F540 /* Sources */ = {
			isa = PBXSourcesBuildPhase;
			buildActionMask = 2147483647;
			files = (
				490529811C36906F0068F540 /* AppDelegate.swift in Sources */,
			);
			runOnlyForDeploymentPostprocessing = 0;
		};
		4905298A1C36906F0068F540 /* Sources */ = {
			isa = PBXSourcesBuildPhase;
			buildActionMask = 2147483647;
			files = (
				490529931C36906F0068F540 /* tvOSSampleTests.swift in Sources */,
			);
			runOnlyForDeploymentPostprocessing = 0;
		};
		490529951C36906F0068F540 /* Sources */ = {
			isa = PBXSourcesBuildPhase;
			buildActionMask = 2147483647;
			files = (
				4905299E1C36906F0068F540 /* tvOSSampleUITests.swift in Sources */,
			);
			runOnlyForDeploymentPostprocessing = 0;
		};
/* End PBXSourcesBuildPhase section */

/* Begin PBXTargetDependency section */
		490529901C36906F0068F540 /* PBXTargetDependency */ = {
			isa = PBXTargetDependency;
			target = 4905297C1C36906F0068F540 /* tvOSSample */;
			targetProxy = 4905298F1C36906F0068F540 /* PBXContainerItemProxy */;
		};
		4905299B1C36906F0068F540 /* PBXTargetDependency */ = {
			isa = PBXTargetDependency;
			target = 4905297C1C36906F0068F540 /* tvOSSample */;
			targetProxy = 4905299A1C36906F0068F540 /* PBXContainerItemProxy */;
		};
/* End PBXTargetDependency section */

/* Begin XCBuildConfiguration section */
		490529A01C36906F0068F540 /* Debug */ = {
			isa = XCBuildConfiguration;
			buildSettings = {
				ALWAYS_SEARCH_USER_PATHS = NO;
				CLANG_CXX_LANGUAGE_STANDARD = "gnu++0x";
				CLANG_CXX_LIBRARY = "libc++";
				CLANG_ENABLE_MODULES = YES;
				CLANG_ENABLE_OBJC_ARC = YES;
				CLANG_WARN_BOOL_CONVERSION = YES;
				CLANG_WARN_CONSTANT_CONVERSION = YES;
				CLANG_WARN_DIRECT_OBJC_ISA_USAGE = YES_ERROR;
				CLANG_WARN_EMPTY_BODY = YES;
				CLANG_WARN_ENUM_CONVERSION = YES;
				CLANG_WARN_INT_CONVERSION = YES;
				CLANG_WARN_OBJC_ROOT_CLASS = YES_ERROR;
				CLANG_WARN_UNREACHABLE_CODE = YES;
				CLANG_WARN__DUPLICATE_METHOD_MATCH = YES;
				COPY_PHASE_STRIP = NO;
				DEBUG_INFORMATION_FORMAT = dwarf;
				ENABLE_STRICT_OBJC_MSGSEND = YES;
				ENABLE_TESTABILITY = YES;
				GCC_C_LANGUAGE_STANDARD = gnu99;
				GCC_DYNAMIC_NO_PIC = NO;
				GCC_NO_COMMON_BLOCKS = YES;
				GCC_OPTIMIZATION_LEVEL = 0;
				GCC_PREPROCESSOR_DEFINITIONS = (
					"DEBUG=1",
					"$(inherited)",
				);
				GCC_WARN_64_TO_32_BIT_CONVERSION = YES;
				GCC_WARN_ABOUT_RETURN_TYPE = YES_ERROR;
				GCC_WARN_UNDECLARED_SELECTOR = YES;
				GCC_WARN_UNINITIALIZED_AUTOS = YES_AGGRESSIVE;
				GCC_WARN_UNUSED_FUNCTION = YES;
				GCC_WARN_UNUSED_VARIABLE = YES;
				MTL_ENABLE_DEBUG_INFO = YES;
				ONLY_ACTIVE_ARCH = YES;
				SDKROOT = appletvos;
				SWIFT_OPTIMIZATION_LEVEL = "-Onone";
				TARGETED_DEVICE_FAMILY = 3;
				TVOS_DEPLOYMENT_TARGET = 9.1;
			};
			name = Debug;
		};
		490529A11C36906F0068F540 /* Release */ = {
			isa = XCBuildConfiguration;
			buildSettings = {
				ALWAYS_SEARCH_USER_PATHS = NO;
				CLANG_CXX_LANGUAGE_STANDARD = "gnu++0x";
				CLANG_CXX_LIBRARY = "libc++";
				CLANG_ENABLE_MODULES = YES;
				CLANG_ENABLE_OBJC_ARC = YES;
				CLANG_WARN_BOOL_CONVERSION = YES;
				CLANG_WARN_CONSTANT_CONVERSION = YES;
				CLANG_WARN_DIRECT_OBJC_ISA_USAGE = YES_ERROR;
				CLANG_WARN_EMPTY_BODY = YES;
				CLANG_WARN_ENUM_CONVERSION = YES;
				CLANG_WARN_INT_CONVERSION = YES;
				CLANG_WARN_OBJC_ROOT_CLASS = YES_ERROR;
				CLANG_WARN_UNREACHABLE_CODE = YES;
				CLANG_WARN__DUPLICATE_METHOD_MATCH = YES;
				COPY_PHASE_STRIP = NO;
				DEBUG_INFORMATION_FORMAT = "dwarf-with-dsym";
				ENABLE_NS_ASSERTIONS = NO;
				ENABLE_STRICT_OBJC_MSGSEND = YES;
				GCC_C_LANGUAGE_STANDARD = gnu99;
				GCC_NO_COMMON_BLOCKS = YES;
				GCC_WARN_64_TO_32_BIT_CONVERSION = YES;
				GCC_WARN_ABOUT_RETURN_TYPE = YES_ERROR;
				GCC_WARN_UNDECLARED_SELECTOR = YES;
				GCC_WARN_UNINITIALIZED_AUTOS = YES_AGGRESSIVE;
				GCC_WARN_UNUSED_FUNCTION = YES;
				GCC_WARN_UNUSED_VARIABLE = YES;
				MTL_ENABLE_DEBUG_INFO = NO;
				SDKROOT = appletvos;
				TARGETED_DEVICE_FAMILY = 3;
				TVOS_DEPLOYMENT_TARGET = 9.1;
				VALIDATE_PRODUCT = YES;
			};
			name = Release;
		};
		490529A31C36906F0068F540 /* Debug */ = {
			isa = XCBuildConfiguration;
			buildSettings = {
				ASSETCATALOG_COMPILER_APPICON_NAME = "App Icon & Top Shelf Image";
				ASSETCATALOG_COMPILER_LAUNCHIMAGE_NAME = LaunchImage;
				CODE_SIGN_IDENTITY = "iPhone Developer";
				INFOPLIST_FILE = tvOSSample/Info.plist;
				LD_RUNPATH_SEARCH_PATHS = "$(inherited) @executable_path/Frameworks";
				PRODUCT_BUNDLE_IDENTIFIER = com.gumino.tvOSSample;
				PRODUCT_NAME = "$(TARGET_NAME)";
			};
			name = Debug;
		};
		490529A41C36906F0068F540 /* Release */ = {
			isa = XCBuildConfiguration;
			buildSettings = {
				ASSETCATALOG_COMPILER_APPICON_NAME = "App Icon & Top Shelf Image";
				ASSETCATALOG_COMPILER_LAUNCHIMAGE_NAME = LaunchImage;
				CODE_SIGN_IDENTITY = "iPhone Developer";
				INFOPLIST_FILE = tvOSSample/Info.plist;
				LD_RUNPATH_SEARCH_PATHS = "$(inherited) @executable_path/Frameworks";
				PRODUCT_BUNDLE_IDENTIFIER = com.gumino.tvOSSample;
				PRODUCT_NAME = "$(TARGET_NAME)";
			};
			name = Release;
		};
		490529A61C36906F0068F540 /* Debug */ = {
			isa = XCBuildConfiguration;
			buildSettings = {
				BUNDLE_LOADER = "$(TEST_HOST)";
				INFOPLIST_FILE = tvOSSampleTests/Info.plist;
				LD_RUNPATH_SEARCH_PATHS = "$(inherited) @executable_path/Frameworks @loader_path/Frameworks";
				PRODUCT_BUNDLE_IDENTIFIER = com.gumino.tvOSSampleTests;
				PRODUCT_NAME = "$(TARGET_NAME)";
				TEST_HOST = "$(BUILT_PRODUCTS_DIR)/tvOSSample.app/tvOSSample";
			};
			name = Debug;
		};
		490529A71C36906F0068F540 /* Release */ = {
			isa = XCBuildConfiguration;
			buildSettings = {
				BUNDLE_LOADER = "$(TEST_HOST)";
				INFOPLIST_FILE = tvOSSampleTests/Info.plist;
				LD_RUNPATH_SEARCH_PATHS = "$(inherited) @executable_path/Frameworks @loader_path/Frameworks";
				PRODUCT_BUNDLE_IDENTIFIER = com.gumino.tvOSSampleTests;
				PRODUCT_NAME = "$(TARGET_NAME)";
				TEST_HOST = "$(BUILT_PRODUCTS_DIR)/tvOSSample.app/tvOSSample";
			};
			name = Release;
		};
		490529A91C36906F0068F540 /* Debug */ = {
			isa = XCBuildConfiguration;
			buildSettings = {
				INFOPLIST_FILE = tvOSSampleUITests/Info.plist;
				LD_RUNPATH_SEARCH_PATHS = "$(inherited) @executable_path/Frameworks @loader_path/Frameworks";
				PRODUCT_BUNDLE_IDENTIFIER = com.gumino.tvOSSampleUITests;
				PRODUCT_NAME = "$(TARGET_NAME)";
				TEST_TARGET_NAME = tvOSSample;
				USES_XCTRUNNER = YES;
			};
			name = Debug;
		};
		490529AA1C36906F0068F540 /* Release */ = {
			isa = XCBuildConfiguration;
			buildSettings = {
				INFOPLIST_FILE = tvOSSampleUITests/Info.plist;
				LD_RUNPATH_SEARCH_PATHS = "$(inherited) @executable_path/Frameworks @loader_path/Frameworks";
				PRODUCT_BUNDLE_IDENTIFIER = com.gumino.tvOSSampleUITests;
				PRODUCT_NAME = "$(TARGET_NAME)";
				TEST_TARGET_NAME = tvOSSample;
				USES_XCTRUNNER = YES;
			};
			name = Release;
		};
/* End XCBuildConfiguration section */

/* Begin XCConfigurationList section */
		490529781C36906F0068F540 /* Build configuration list for PBXProject "tvOSSample" */ = {
			isa = XCConfigurationList;
			buildConfigurations = (
				490529A01C36906F0068F540 /* Debug */,
				490529A11C36906F0068F540 /* Release */,
			);
			defaultConfigurationIsVisible = 0;
			defaultConfigurationName = Release;
		};
		490529A21C36906F0068F540 /* Build configuration list for PBXNativeTarget "tvOSSample" */ = {
			isa = XCConfigurationList;
			buildConfigurations = (
				490529A31C36906F0068F540 /* Debug */,
				490529A41C36906F0068F540 /* Release */,
			);
			defaultConfigurationIsVisible = 0;
			defaultConfigurationName = Release;
		};
		490529A51C36906F0068F540 /* Build configuration list for PBXNativeTarget "tvOSSampleTests" */ = {
			isa = XCConfigurationList;
			buildConfigurations = (
				490529A61C36906F0068F540 /* Debug */,
				490529A71C36906F0068F540 /* Release */,
			);
			defaultConfigurationIsVisible = 0;
			defaultConfigurationName = Release;
		};
		490529A81C36906F0068F540 /* Build configuration list for PBXNativeTarget "tvOSSampleUITests" */ = {
			isa = XCConfigurationList;
			buildConfigurations = (
				490529A91C36906F0068F540 /* Debug */,
				490529AA1C36906F0068F540 /* Release */,
			);
			defaultConfigurationIsVisible = 0;
			defaultConfigurationName = Release;
		};
/* End XCConfigurationList section */
	};
	rootObject = 490529751C36906F0068F540 /* Project object */;
}
